
Microsoft Visual Studio Solution File, Format Version 12.00
# Visual Studio Version 16
VisualStudioVersion = 16.0.30011.22
MinimumVisualStudioVersion = 10.0.40219.1
Project("{9A19103F-16F7-4668-BE54-9A1E7A4F7556}") = "ScruffySonsClubhouse.API", "ScruffySonsClubhouse.API\ScruffySonsClubhouse.API.csproj", "{0BA28B51-2239-40C9-9B08-1394E54B5D84}"
EndProject
Project("{2150E333-8FDC-42A3-9474-1A3956D46DE8}") = "Tests", "Tests", "{F6446FBB-0A51-405B-B50C-85BCF6BF2C19}"
EndProject
Project("{9A19103F-16F7-4668-BE54-9A1E7A4F7556}") = "ScruffySonsClubhouse.SharedKernel", "ScruffySonsClubhouse.SharedKernel\ScruffySonsClubhouse.SharedKernel.csproj", "{40E58715-15F9-4745-B45A-401B76948577}"
EndProject
Project("{9A19103F-16F7-4668-BE54-9A1E7A4F7556}") = "ScruffySonsClubhouse.Core", "ScruffySonsClubhouse.Core\ScruffySonsClubhouse.Core.csproj", "{0B4D59FF-9284-4C97-94FC-C0E7CD1C6729}"
EndProject
Project("{9A19103F-16F7-4668-BE54-9A1E7A4F7556}") = "ScruffySonsClubhouse.Infrastructure", "ScruffySonsClubhouse.Infrastructure\ScruffySonsClubhouse.Infrastructure.csproj", "{9FFA1242-7C6B-4618-85DB-9B1E139C29AB}"
EndProject
Project("{9A19103F-16F7-4668-BE54-9A1E7A4F7556}") = "ScruffySonsClubhouse.UnitTests", "ScruffySonsClubhouse.UnitTests\ScruffySonsClubhouse.UnitTests.csproj", "{7F2EBE68-0A9E-46A0-BE8B-1A6DD5D0D09C}"
EndProject
Project("{2150E333-8FDC-42A3-9474-1A3956D46DE8}") = "Solution Items", "Solution Items", "{26E6FEF9-B9BE-406D-8F19-243FD523E42B}"
	ProjectSection(SolutionItems) = preProject
		.travis.yml = .travis.yml
	EndProjectSection
EndProject
Global
	GlobalSection(SolutionConfigurationPlatforms) = preSolution
		Debug|Any CPU = Debug|Any CPU
		Release|Any CPU = Release|Any CPU
	EndGlobalSection
	GlobalSection(ProjectConfigurationPlatforms) = postSolution
		{0BA28B51-2239-40C9-9B08-1394E54B5D84}.Debug|Any CPU.ActiveCfg = Debug|Any CPU
		{0BA28B51-2239-40C9-9B08-1394E54B5D84}.Debug|Any CPU.Build.0 = Debug|Any CPU
		{0BA28B51-2239-40C9-9B08-1394E54B5D84}.Release|Any CPU.ActiveCfg = Release|Any CPU
		{0BA28B51-2239-40C9-9B08-1394E54B5D84}.Release|Any CPU.Build.0 = Release|Any CPU
		{40E58715-15F9-4745-B45A-401B76948577}.Debug|Any CPU.ActiveCfg = Debug|Any CPU
		{40E58715-15F9-4745-B45A-401B76948577}.Debug|Any CPU.Build.0 = Debug|Any CPU
		{40E58715-15F9-4745-B45A-401B76948577}.Release|Any CPU.ActiveCfg = Release|Any CPU
		{40E58715-15F9-4745-B45A-401B76948577}.Release|Any CPU.Build.0 = Release|Any CPU
		{0B4D59FF-9284-4C97-94FC-C0E7CD1C6729}.Debug|Any CPU.ActiveCfg = Debug|Any CPU
		{0B4D59FF-9284-4C97-94FC-C0E7CD1C6729}.Debug|Any CPU.Build.0 = Debug|Any CPU
		{0B4D59FF-9284-4C97-94FC-C0E7CD1C6729}.Release|Any CPU.ActiveCfg = Release|Any CPU
		{0B4D59FF-9284-4C97-94FC-C0E7CD1C6729}.Release|Any CPU.Build.0 = Release|Any CPU
		{9FFA1242-7C6B-4618-85DB-9B1E139C29AB}.Debug|Any CPU.ActiveCfg = Debug|Any CPU
		{9FFA1242-7C6B-4618-85DB-9B1E139C29AB}.Debug|Any CPU.Build.0 = Debug|Any CPU
		{9FFA1242-7C6B-4618-85DB-9B1E139C29AB}.Release|Any CPU.ActiveCfg = Release|Any CPU
		{9FFA1242-7C6B-4618-85DB-9B1E139C29AB}.Release|Any CPU.Build.0 = Release|Any CPU
		{7F2EBE68-0A9E-46A0-BE8B-1A6DD5D0D09C}.Debug|Any CPU.ActiveCfg = Debug|Any CPU
		{7F2EBE68-0A9E-46A0-BE8B-1A6DD5D0D09C}.Debug|Any CPU.Build.0 = Debug|Any CPU
		{7F2EBE68-0A9E-46A0-BE8B-1A6DD5D0D09C}.Release|Any CPU.ActiveCfg = Release|Any CPU
		{7F2EBE68-0A9E-46A0-BE8B-1A6DD5D0D09C}.Release|Any CPU.Build.0 = Release|Any CPU
	EndGlobalSection
	GlobalSection(SolutionProperties) = preSolution
		HideSolutionNode = FALSE
	EndGlobalSection
	GlobalSection(NestedProjects) = preSolution
		{7F2EBE68-0A9E-46A0-BE8B-1A6DD5D0D09C} = {F6446FBB-0A51-405B-B50C-85BCF6BF2C19}
	EndGlobalSection
	GlobalSection(ExtensibilityGlobals) = postSolution
		SolutionGuid = {FC0E9AE6-5016-4EDA-971F-C248B7786A78}
	EndGlobalSection
EndGlobal
